// !$*UTF8*$!
{
	archiveVersion = 1;
	classes = {
	};
	objectVersion = 50;
	objects = {

/* Begin PBXBuildFile section */
		BC28A0682158C3D400A2CF4A /* AppDelegate.swift in Sources */ = {isa = PBXBuildFile; fileRef = BC28A0672158C3D400A2CF4A /* AppDelegate.swift */; };
		BC28A06A2158C3D400A2CF4A /* TodoListViewController.swift in Sources */ = {isa = PBXBuildFile; fileRef = BC28A0692158C3D400A2CF4A /* TodoListViewController.swift */; };
		BC28A06D2158C3D400A2CF4A /* Main.storyboard in Resources */ = {isa = PBXBuildFile; fileRef = BC28A06B2158C3D400A2CF4A /* Main.storyboard */; };
		BC28A06F2158C3D700A2CF4A /* Assets.xcassets in Resources */ = {isa = PBXBuildFile; fileRef = BC28A06E2158C3D700A2CF4A /* Assets.xcassets */; };
		BC28A0722158C3D700A2CF4A /* LaunchScreen.storyboard in Resources */ = {isa = PBXBuildFile; fileRef = BC28A0702158C3D700A2CF4A /* LaunchScreen.storyboard */; };
		BC7D0BBE215BC3DB00262E60 /* DataModel.xcdatamodeld in Sources */ = {isa = PBXBuildFile; fileRef = BC7D0BBC215BC3DB00262E60 /* DataModel.xcdatamodeld */; };
		BC7D0BE1215D1D2D00262E60 /* CategoryViewController.swift in Sources */ = {isa = PBXBuildFile; fileRef = BC7D0BE0215D1D2D00262E60 /* CategoryViewController.swift */; };
/* End PBXBuildFile section */

/* Begin PBXFileReference section */
		BC28A0642158C3D400A2CF4A /* Todoey.app */ = {isa = PBXFileReference; explicitFileType = wrapper.application; includeInIndex = 0; path = Todoey.app; sourceTree = BUILT_PRODUCTS_DIR; };
		BC28A0672158C3D400A2CF4A /* AppDelegate.swift */ = {isa = PBXFileReference; lastKnownFileType = sourcecode.swift; path = AppDelegate.swift; sourceTree = "<group>"; };
		BC28A0692158C3D400A2CF4A /* TodoListViewController.swift */ = {isa = PBXFileReference; lastKnownFileType = sourcecode.swift; path = TodoListViewController.swift; sourceTree = "<group>"; };
		BC28A06C2158C3D400A2CF4A /* Base */ = {isa = PBXFileReference; lastKnownFileType = file.storyboard; name = Base; path = Base.lproj/Main.storyboard; sourceTree = "<group>"; };
		BC28A06E2158C3D700A2CF4A /* Assets.xcassets */ = {isa = PBXFileReference; lastKnownFileType = folder.assetcatalog; path = Assets.xcassets; sourceTree = "<group>"; };
		BC28A0712158C3D700A2CF4A /* Base */ = {isa = PBXFileReference; lastKnownFileType = file.storyboard; name = Base; path = Base.lproj/LaunchScreen.storyboard; sourceTree = "<group>"; };
		BC28A0732158C3D700A2CF4A /* Info.plist */ = {isa = PBXFileReference; lastKnownFileType = text.plist.xml; path = Info.plist; sourceTree = "<group>"; };
		BC7D0BBD215BC3DB00262E60 /* DataModel.xcdatamodel */ = {isa = PBXFileReference; lastKnownFileType = wrapper.xcdatamodel; path = DataModel.xcdatamodel; sourceTree = "<group>"; };
		BC7D0BE0215D1D2D00262E60 /* CategoryViewController.swift */ = {isa = PBXFileReference; lastKnownFileType = sourcecode.swift; path = CategoryViewController.swift; sourceTree = "<group>"; };
/* End PBXFileReference section */

/* Begin PBXFrameworksBuildPhase section */
		BC28A0612158C3D400A2CF4A /* Frameworks */ = {
			isa = PBXFrameworksBuildPhase;
			buildActionMask = 2147483647;
			files = (
			);
			runOnlyForDeploymentPostprocessing = 0;
		};
/* End PBXFrameworksBuildPhase section */

/* Begin PBXGroup section */
		BC28A05B2158C3D400A2CF4A = {
			isa = PBXGroup;
			children = (
				BC28A0662158C3D400A2CF4A /* Todoey */,
				BC28A0652158C3D400A2CF4A /* Products */,
			);
			sourceTree = "<group>";
		};
		BC28A0652158C3D400A2CF4A /* Products */ = {
			isa = PBXGroup;
			children = (
				BC28A0642158C3D400A2CF4A /* Todoey.app */,
			);
			name = Products;
			sourceTree = "<group>";
		};
		BC28A0662158C3D400A2CF4A /* Todoey */ = {
			isa = PBXGroup;
			children = (
				BC28A0672158C3D400A2CF4A /* AppDelegate.swift */,
				BC28A07C215A504100A2CF4A /* Controllers */,
				BC28A07D215A508000A2CF4A /* Views */,
				BC28A07B215A501100A2CF4A /* Data Model */,
				BC28A07E215A50A800A2CF4A /* Supporting Files */,
				BC28A0732158C3D700A2CF4A /* Info.plist */,
			);
			path = Todoey;
			sourceTree = "<group>";
		};
		BC28A07B215A501100A2CF4A /* Data Model */ = {
			isa = PBXGroup;
			children = (
				BC7D0BBC215BC3DB00262E60 /* DataModel.xcdatamodeld */,
			);
			path = "Data Model";
			sourceTree = "<group>";
		};
		BC28A07C215A504100A2CF4A /* Controllers */ = {
			isa = PBXGroup;
			children = (
				BC7D0BE0215D1D2D00262E60 /* CategoryViewController.swift */,
				BC28A0692158C3D400A2CF4A /* TodoListViewController.swift */,
			);
			path = Controllers;
			sourceTree = "<group>";
		};
		BC28A07D215A508000A2CF4A /* Views */ = {
			isa = PBXGroup;
			children = (
				BC28A06B2158C3D400A2CF4A /* Main.storyboard */,
			);
			path = Views;
			sourceTree = "<group>";
		};
		BC28A07E215A50A800A2CF4A /* Supporting Files */ = {
			isa = PBXGroup;
			children = (
				BC28A06E2158C3D700A2CF4A /* Assets.xcassets */,
				BC28A0702158C3D700A2CF4A /* LaunchScreen.storyboard */,
			);
			path = "Supporting Files";
			sourceTree = "<group>";
		};
/* End PBXGroup section */

/* Begin PBXNativeTarget section */
		BC28A0632158C3D400A2CF4A /* Todoey */ = {
			isa = PBXNativeTarget;
			buildConfigurationList = BC28A0762158C3D700A2CF4A /* Build configuration list for PBXNativeTarget "Todoey" */;
			buildPhases = (
				BC28A0602158C3D400A2CF4A /* Sources */,
				BC28A0612158C3D400A2CF4A /* Frameworks */,
				BC28A0622158C3D400A2CF4A /* Resources */,
			);
			buildRules = (
			);
			dependencies = (
			);
			name = Todoey;
			productName = Todoey;
			productReference = BC28A0642158C3D400A2CF4A /* Todoey.app */;
			productType = "com.apple.product-type.application";
		};
/* End PBXNativeTarget section */

/* Begin PBXProject section */
		BC28A05C2158C3D400A2CF4A /* Project object */ = {
			isa = PBXProject;
			attributes = {
				LastSwiftUpdateCheck = 0940;
				LastUpgradeCheck = 0940;
				ORGANIZATIONNAME = "Gennadii Kondratev";
				TargetAttributes = {
					BC28A0632158C3D400A2CF4A = {
						CreatedOnToolsVersion = 9.4.1;
					};
				};
			};
			buildConfigurationList = BC28A05F2158C3D400A2CF4A /* Build configuration list for PBXProject "Todoey" */;
			compatibilityVersion = "Xcode 9.3";
			developmentRegion = en;
			hasScannedForEncodings = 0;
			knownRegions = (
				en,
				Base,
			);
			mainGroup = BC28A05B2158C3D400A2CF4A;
			productRefGroup = BC28A0652158C3D400A2CF4A /* Products */;
			projectDirPath = "";
			projectRoot = "";
			targets = (
				BC28A0632158C3D400A2CF4A /* Todoey */,
			);
		};
/* End PBXProject section */

/* Begin PBXResourcesBuildPhase section */
		BC28A0622158C3D400A2CF4A /* Resources */ = {
			isa = PBXResourcesBuildPhase;
			buildActionMask = 2147483647;
			files = (
				BC28A0722158C3D700A2CF4A /* LaunchScreen.storyboard in Resources */,
				BC28A06F2158C3D700A2CF4A /* Assets.xcassets in Resources */,
				BC28A06D2158C3D400A2CF4A /* Main.storyboard in Resources */,
			);
			runOnlyForDeploymentPostprocessing = 0;
		};
/* End PBXResourcesBuildPhase section */

/* Begin PBXSourcesBuildPhase section */
		BC28A0602158C3D400A2CF4A /* Sources */ = {
			isa = PBXSourcesBuildPhase;
			buildActionMask = 2147483647;
			files = (
				BC7D0BE1215D1D2D00262E60 /* CategoryViewController.swift in Sources */,
				BC28A06A2158C3D400A2CF4A /* TodoListViewController.swift in Sources */,
				BC7D0BBE215BC3DB00262E60 /* DataModel.xcdatamodeld in Sources */,
				BC28A0682158C3D400A2CF4A /* AppDelegate.swift in Sources */,
			);
			runOnlyForDeploymentPostprocessing = 0;
		};
/* End PBXSourcesBuildPhase section */

/* Begin PBXVariantGroup section */
		BC28A06B2158C3D400A2CF4A /* Main.storyboard */ = {
			isa = PBXVariantGroup;
			children = (
				BC28A06C2158C3D400A2CF4A /* Base */,
			);
			name = Main.storyboard;
			sourceTree = "<group>";
		};
		BC28A0702158C3D700A2CF4A /* LaunchScreen.storyboard */ = {
			isa = PBXVariantGroup;
			children = (
				BC28A0712158C3D700A2CF4A /* Base */,
			);
			name = LaunchScreen.storyboard;
			sourceTree = "<group>";
		};
/* End PBXVariantGroup section */

/* Begin XCBuildConfiguration section */
		BC28A0742158C3D700A2CF4A /* Debug */ = {
			isa = XCBuildConfiguration;
			buildSettings = {
				ALWAYS_SEARCH_USER_PATHS = NO;
				CLANG_ANALYZER_NONNULL = YES;
				CLANG_ANALYZER_NUMBER_OBJECT_CONVERSION = YES_AGGRESSIVE;
				CLANG_CXX_LANGUAGE_STANDARD = "gnu++14";
				CLANG_CXX_LIBRARY = "libc++";
				CLANG_ENABLE_MODULES = YES;
				CLANG_ENABLE_OBJC_ARC = YES;
				CLANG_ENABLE_OBJC_WEAK = YES;
				CLANG_WARN_BLOCK_CAPTURE_AUTORELEASING = YES;
				CLANG_WARN_BOOL_CONVERSION = YES;
				CLANG_WARN_COMMA = YES;
				CLANG_WARN_CONSTANT_CONVERSION = YES;
				CLANG_WARN_DEPRECATED_OBJC_IMPLEMENTATIONS = YES;
				CLANG_WARN_DIRECT_OBJC_ISA_USAGE = YES_ERROR;
				CLANG_WARN_DOCUMENTATION_COMMENTS = YES;
				CLANG_WARN_EMPTY_BODY = YES;
				CLANG_WARN_ENUM_CONVERSION = YES;
				CLANG_WARN_INFINITE_RECURSION = YES;
				CLANG_WARN_INT_CONVERSION = YES;
				CLANG_WARN_NON_LITERAL_NULL_CONVERSION = YES;
				CLANG_WARN_OBJC_IMPLICIT_RETAIN_SELF = YES;
				CLANG_WARN_OBJC_LITERAL_CONVERSION = YES;
				CLANG_WARN_OBJC_ROOT_CLASS = YES_ERROR;
				CLANG_WARN_RANGE_LOOP_ANALYSIS = YES;
				CLANG_WARN_STRICT_PROTOTYPES = YES;
				CLANG_WARN_SUSPICIOUS_MOVE = YES;
				CLANG_WARN_UNGUARDED_AVAILABILITY = YES_AGGRESSIVE;
				CLANG_WARN_UNREACHABLE_CODE = YES;
				CLANG_WARN__DUPLICATE_METHOD_MATCH = YES;
				CODE_SIGN_IDENTITY = "iPhone Developer";
				COPY_PHASE_STRIP = NO;
				DEBUG_INFORMATION_FORMAT = dwarf;
				ENABLE_STRICT_OBJC_MSGSEND = YES;
				ENABLE_TESTABILITY = YES;
				GCC_C_LANGUAGE_STANDARD = gnu11;
				GCC_DYNAMIC_NO_PIC = NO;
				GCC_NO_COMMON_BLOCKS = YES;
				GCC_OPTIMIZATION_LEVEL = 0;
				GCC_PREPROCESSOR_DEFINITIONS = (
					"DEBUG=1",
					"$(inherited)",
				);
				GCC_WARN_64_TO_32_BIT_CONVERSION = YES;
				GCC_WARN_ABOUT_RETURN_TYPE = YES_ERROR;
				GCC_WARN_UNDECLARED_SELECTOR = YES;
				GCC_WARN_UNINITIALIZED_AUTOS = YES_AGGRESSIVE;
				GCC_WARN_UNUSED_FUNCTION = YES;
				GCC_WARN_UNUSED_VARIABLE = YES;
				IPHONEOS_DEPLOYMENT_TARGET = 11.4;
				MTL_ENABLE_DEBUG_INFO = YES;
				ONLY_ACTIVE_ARCH = YES;
				SDKROOT = iphoneos;
				SWIFT_ACTIVE_COMPILATION_CONDITIONS = DEBUG;
				SWIFT_OPTIMIZATION_LEVEL = "-Onone";
			};
			name = Debug;
		};
		BC28A0752158C3D700A2CF4A /* Release */ = {
			isa = XCBuildConfiguration;
			buildSettings = {
				ALWAYS_SEARCH_USER_PATHS = NO;
				CLANG_ANALYZER_NONNULL = YES;
				CLANG_ANALYZER_NUMBER_OBJECT_CONVERSION = YES_AGGRESSIVE;
				CLANG_CXX_LANGUAGE_STANDARD = "gnu++14";
				CLANG_CXX_LIBRARY = "libc++";
				CLANG_ENABLE_MODULES = YES;
				CLANG_ENABLE_OBJC_ARC = YES;
				CLANG_ENABLE_OBJC_WEAK = YES;
				CLANG_WARN_BLOCK_CAPTURE_AUTORELEASING = YES;
				CLANG_WARN_BOOL_CONVERSION = YES;
				CLANG_WARN_COMMA = YES;
				CLANG_WARN_CONSTANT_CONVERSION = YES;
				CLANG_WARN_DEPRECATED_OBJC_IMPLEMENTATIONS = YES;
				CLANG_WARN_DIRECT_OBJC_ISA_USAGE = YES_ERROR;
				CLANG_WARN_DOCUMENTATION_COMMENTS = YES;
				CLANG_WARN_EMPTY_BODY = YES;
				CLANG_WARN_ENUM_CONVERSION = YES;
				CLANG_WARN_INFINITE_RECURSION = YES;
				CLANG_WARN_INT_CONVERSION = YES;
				CLANG_WARN_NON_LITERAL_NULL_CONVERSION = YES;
				CLANG_WARN_OBJC_IMPLICIT_RETAIN_SELF = YES;
				CLANG_WARN_OBJC_LITERAL_CONVERSION = YES;
				CLANG_WARN_OBJC_ROOT_CLASS = YES_ERROR;
				CLANG_WARN_RANGE_LOOP_ANALYSIS = YES;
				CLANG_WARN_STRICT_PROTOTYPES = YES;
				CLANG_WARN_SUSPICIOUS_MOVE = YES;
				CLANG_WARN_UNGUARDED_AVAILABILITY = YES_AGGRESSIVE;
				CLANG_WARN_UNREACHABLE_CODE = YES;
				CLANG_WARN__DUPLICATE_METHOD_MATCH = YES;
				CODE_SIGN_IDENTITY = "iPhone Developer";
				COPY_PHASE_STRIP = NO;
				DEBUG_INFORMATION_FORMAT = "dwarf-with-dsym";
				ENABLE_NS_ASSERTIONS = NO;
				ENABLE_STRICT_OBJC_MSGSEND = YES;
				GCC_C_LANGUAGE_STANDARD = gnu11;
				GCC_NO_COMMON_BLOCKS = YES;
				GCC_WARN_64_TO_32_BIT_CONVERSION = YES;
				GCC_WARN_ABOUT_RETURN_TYPE = YES_ERROR;
				GCC_WARN_UNDECLARED_SELECTOR = YES;
				GCC_WARN_UNINITIALIZED_AUTOS = YES_AGGRESSIVE;
				GCC_WARN_UNUSED_FUNCTION = YES;
				GCC_WARN_UNUSED_VARIABLE = YES;
				IPHONEOS_DEPLOYMENT_TARGET = 11.4;
				MTL_ENABLE_DEBUG_INFO = NO;
				SDKROOT = iphoneos;
				SWIFT_COMPILATION_MODE = wholemodule;
				SWIFT_OPTIMIZATION_LEVEL = "-O";
				VALIDATE_PRODUCT = YES;
			};
			name = Release;
		};
		BC28A0772158C3D700A2CF4A /* Debug */ = {
			isa = XCBuildConfiguration;
			buildSettings = {
				ASSETCATALOG_COMPILER_APPICON_NAME = AppIcon;
				CODE_SIGN_STYLE = Automatic;
				INFOPLIST_FILE = Todoey/Info.plist;
				LD_RUNPATH_SEARCH_PATHS = (
					"$(inherited)",
					"@executable_path/Frameworks",
				);
				PRODUCT_BUNDLE_IDENTIFIER = com.gennadiikondratev.Todoey;
				PRODUCT_NAME = "$(TARGET_NAME)";
				SWIFT_VERSION = 4.0;
				TARGETED_DEVICE_FAMILY = "1,2";
			};
			name = Debug;
		};
		BC28A0782158C3D700A2CF4A /* Release */ = {
			isa = XCBuildConfiguration;
			buildSettings = {
				ASSETCATALOG_COMPILER_APPICON_NAME = AppIcon;
				CODE_SIGN_STYLE = Automatic;
				INFOPLIST_FILE = Todoey/Info.plist;
				LD_RUNPATH_SEARCH_PATHS = (
					"$(inherited)",
					"@executable_path/Frameworks",
				);
				PRODUCT_BUNDLE_IDENTIFIER = com.gennadiikondratev.Todoey;
				PRODUCT_NAME = "$(TARGET_NAME)";
				SWIFT_VERSION = 4.0;
				TARGETED_DEVICE_FAMILY = "1,2";
			};
			name = Release;
		};
/* End XCBuildConfiguration section */

/* Begin XCConfigurationList section */
		BC28A05F2158C3D400A2CF4A /* Build configuration list for PBXProject "Todoey" */ = {
			isa = XCConfigurationList;
			buildConfigurations = (
				BC28A0742158C3D700A2CF4A /* Debug */,
				BC28A0752158C3D700A2CF4A /* Release */,
			);
			defaultConfigurationIsVisible = 0;
			defaultConfigurationName = Release;
		};
		BC28A0762158C3D700A2CF4A /* Build configuration list for PBXNativeTarget "Todoey" */ = {
			isa = XCConfigurationList;
			buildConfigurations = (
				BC28A0772158C3D700A2CF4A /* Debug */,
				BC28A0782158C3D700A2CF4A /* Release */,
			);
			defaultConfigurationIsVisible = 0;
			defaultConfigurationName = Release;
		};
/* End XCConfigurationList section */

/* Begin XCVersionGroup section */
		BC7D0BBC215BC3DB00262E60 /* DataModel.xcdatamodeld */ = {
			isa = XCVersionGroup;
			children = (
				BC7D0BBD215BC3DB00262E60 /* DataModel.xcdatamodel */,
			);
			currentVersion = BC7D0BBD215BC3DB00262E60 /* DataModel.xcdatamodel */;
			path = DataModel.xcdatamodeld;
			sourceTree = "<group>";
			versionGroupType = wrapper.xcdatamodel;
		};
/* End XCVersionGroup section */
	};
	rootObject = BC28A05C2158C3D400A2CF4A /* Project object */;
}
